
Microsoft Visual Studio Solution File, Format Version 12.00
# Visual Studio Version 17
VisualStudioVersion = 17.9.34622.214
MinimumVisualStudioVersion = 10.0.40219.1
Project("{2150E333-8FDC-42A3-9474-1A3956D46DE8}") = "src", "src", "{E739ADBB-7FF0-438C-99A2-57441E924D79}"
EndProject
Project("{2150E333-8FDC-42A3-9474-1A3956D46DE8}") = "Gateway", "Gateway", "{21F3036D-DF8C-4030-8782-78C82A6AC1B5}"
EndProject
Project("{2150E333-8FDC-42A3-9474-1A3956D46DE8}") = "Services", "Services", "{2F2B12E9-521C-42E7-B980-BA8EF10C3AF8}"
EndProject
Project("{2150E333-8FDC-42A3-9474-1A3956D46DE8}") = "Catalog", "Catalog", "{4FEE76CB-0539-4875-8AEC-7660EFB4FD6B}"
EndProject
Project("{2150E333-8FDC-42A3-9474-1A3956D46DE8}") = "Basket", "Basket", "{13669FA4-F888-442B-AEEC-BA156A8B4044}"
EndProject
Project("{2150E333-8FDC-42A3-9474-1A3956D46DE8}") = "Order", "Order", "{4A7A85A4-9F2E-4448-9076-86241289EC92}"
EndProject
Project("{2150E333-8FDC-42A3-9474-1A3956D46DE8}") = "Identity", "Identity", "{C21A6E64-4DEE-4B71-B702-9D5906ECBD9C}"
EndProject
Project("{2150E333-8FDC-42A3-9474-1A3956D46DE8}") = "Payment", "Payment", "{5ED2E4A5-B7C5-46AC-BD7D-BAA57B5C7AC9}"
EndProject
Project("{9A19103F-16F7-4668-BE54-9A1E7A4F7556}") = "Basket.Api", "src\Basket\Basket.Api\Basket.Api.csproj", "{BE53D1EB-A1B6-4801-AF50-FEB7D8C62BE5}"
EndProject
Project("{9A19103F-16F7-4668-BE54-9A1E7A4F7556}") = "Basket.Application", "src\Basket\Basket.Application\Basket.Application.csproj", "{B6F0AB94-EEE3-4BA8-9EE2-44637DC80990}"
EndProject
Project("{9A19103F-16F7-4668-BE54-9A1E7A4F7556}") = "Basket.Domain", "src\Basket\Basket.Domain\Basket.Domain.csproj", "{985C0CEC-D721-4E44-AC83-8B075DD1CBD1}"
EndProject
Project("{9A19103F-16F7-4668-BE54-9A1E7A4F7556}") = "Basket.Infrastructure", "src\Basket\Basket.Infrastructure\Basket.Infrastructure.csproj", "{22957223-F36E-4B17-B4D1-892A3B56946D}"
EndProject
Project("{9A19103F-16F7-4668-BE54-9A1E7A4F7556}") = "Catalog.Api", "src\Catalog\Catalog.Api\Catalog.Api.csproj", "{EC120D4A-ABB3-4B5B-9AB3-05A81B826FEE}"
EndProject
Project("{9A19103F-16F7-4668-BE54-9A1E7A4F7556}") = "Catalog.Application", "src\Catalog\Catalog.Application\Catalog.Application.csproj", "{0A76B952-3CF4-4C6A-A603-08BD2BDC4401}"
EndProject
Project("{9A19103F-16F7-4668-BE54-9A1E7A4F7556}") = "Catalog.Domain", "src\Catalog\Catalog.Domain\Catalog.Domain.csproj", "{11183257-1818-43E1-A27A-BFBE9951E787}"
EndProject
Project("{9A19103F-16F7-4668-BE54-9A1E7A4F7556}") = "Catalog.Infrastructure", "src\Catalog\Catalog.Infrastructure\Catalog.Infrastructure.csproj", "{908BF878-766B-4980-86D6-06953278274F}"
EndProject
Project("{9A19103F-16F7-4668-BE54-9A1E7A4F7556}") = "Identity.Application", "src\Identity\Identity.Application\Identity.Application.csproj", "{6F76F05E-E60D-4FCD-96BA-9E69231F0EEF}"
EndProject
Project("{9A19103F-16F7-4668-BE54-9A1E7A4F7556}") = "Identity.Domain", "src\Identity\Identity.Domain\Identity.Domain.csproj", "{CC378D4C-AD31-4855-B488-FEAA01F63811}"
EndProject
Project("{9A19103F-16F7-4668-BE54-9A1E7A4F7556}") = "Identity.Infrastructure", "src\Identity\Identity.Infrastructure\Identity.Infrastructure.csproj", "{9E9CAF8D-3951-4E16-8ECE-AD632335BC07}"
EndProject
Project("{9A19103F-16F7-4668-BE54-9A1E7A4F7556}") = "Payment.Api", "src\Payment\Payment.Api\Payment.Api.csproj", "{60630BD7-AB58-4891-9070-9157029A73C8}"
EndProject
Project("{9A19103F-16F7-4668-BE54-9A1E7A4F7556}") = "Payment.Application", "src\Payment\Payment.Application\Payment.Application.csproj", "{31F97563-9577-4574-B116-0F7F0203D98B}"
EndProject
Project("{9A19103F-16F7-4668-BE54-9A1E7A4F7556}") = "Payment.Domain", "src\Payment\Payment.Domain\Payment.Domain.csproj", "{9658548E-BACD-4BC7-9F11-1BC647C3C6A3}"
EndProject
Project("{9A19103F-16F7-4668-BE54-9A1E7A4F7556}") = "Payment.Infrastructure", "src\Payment\Payment.Infrastructure\Payment.Infrastructure.csproj", "{A6BAFB71-2D2F-4A16-A600-BEE0FAB5DC3C}"
EndProject
Project("{9A19103F-16F7-4668-BE54-9A1E7A4F7556}") = "Identity.Api", "src\Identity\Identity.Api\Identity.Api.csproj", "{E55426D1-0C8B-4891-B2DA-884E79E847A8}"
EndProject
Project("{FAE04EC0-301F-11D3-BF4B-00C04F79EFBC}") = "Gateway", "src\Gateway\Gateway\Gateway.csproj", "{CF7184F1-FDF9-4388-94F0-6BCDBD033521}"
EndProject
Global
	GlobalSection(SolutionConfigurationPlatforms) = preSolution
		Debug|Any CPU = Debug|Any CPU
		Release|Any CPU = Release|Any CPU
	EndGlobalSection
	GlobalSection(ProjectConfigurationPlatforms) = postSolution
		{BE53D1EB-A1B6-4801-AF50-FEB7D8C62BE5}.Debug|Any CPU.ActiveCfg = Debug|Any CPU
		{BE53D1EB-A1B6-4801-AF50-FEB7D8C62BE5}.Debug|Any CPU.Build.0 = Debug|Any CPU
		{BE53D1EB-A1B6-4801-AF50-FEB7D8C62BE5}.Release|Any CPU.ActiveCfg = Release|Any CPU
		{BE53D1EB-A1B6-4801-AF50-FEB7D8C62BE5}.Release|Any CPU.Build.0 = Release|Any CPU
		{B6F0AB94-EEE3-4BA8-9EE2-44637DC80990}.Debug|Any CPU.ActiveCfg = Debug|Any CPU
		{B6F0AB94-EEE3-4BA8-9EE2-44637DC80990}.Debug|Any CPU.Build.0 = Debug|Any CPU
		{B6F0AB94-EEE3-4BA8-9EE2-44637DC80990}.Release|Any CPU.ActiveCfg = Release|Any CPU
		{B6F0AB94-EEE3-4BA8-9EE2-44637DC80990}.Release|Any CPU.Build.0 = Release|Any CPU
		{985C0CEC-D721-4E44-AC83-8B075DD1CBD1}.Debug|Any CPU.ActiveCfg = Debug|Any CPU
		{985C0CEC-D721-4E44-AC83-8B075DD1CBD1}.Debug|Any CPU.Build.0 = Debug|Any CPU
		{985C0CEC-D721-4E44-AC83-8B075DD1CBD1}.Release|Any CPU.ActiveCfg = Release|Any CPU
		{985C0CEC-D721-4E44-AC83-8B075DD1CBD1}.Release|Any CPU.Build.0 = Release|Any CPU
		{22957223-F36E-4B17-B4D1-892A3B56946D}.Debug|Any CPU.ActiveCfg = Debug|Any CPU
		{22957223-F36E-4B17-B4D1-892A3B56946D}.Debug|Any CPU.Build.0 = Debug|Any CPU
		{22957223-F36E-4B17-B4D1-892A3B56946D}.Release|Any CPU.ActiveCfg = Release|Any CPU
		{22957223-F36E-4B17-B4D1-892A3B56946D}.Release|Any CPU.Build.0 = Release|Any CPU
		{EC120D4A-ABB3-4B5B-9AB3-05A81B826FEE}.Debug|Any CPU.ActiveCfg = Debug|Any CPU
		{EC120D4A-ABB3-4B5B-9AB3-05A81B826FEE}.Debug|Any CPU.Build.0 = Debug|Any CPU
		{EC120D4A-ABB3-4B5B-9AB3-05A81B826FEE}.Release|Any CPU.ActiveCfg = Release|Any CPU
		{EC120D4A-ABB3-4B5B-9AB3-05A81B826FEE}.Release|Any CPU.Build.0 = Release|Any CPU
		{0A76B952-3CF4-4C6A-A603-08BD2BDC4401}.Debug|Any CPU.ActiveCfg = Debug|Any CPU
		{0A76B952-3CF4-4C6A-A603-08BD2BDC4401}.Debug|Any CPU.Build.0 = Debug|Any CPU
		{0A76B952-3CF4-4C6A-A603-08BD2BDC4401}.Release|Any CPU.ActiveCfg = Release|Any CPU
		{0A76B952-3CF4-4C6A-A603-08BD2BDC4401}.Release|Any CPU.Build.0 = Release|Any CPU
		{11183257-1818-43E1-A27A-BFBE9951E787}.Debug|Any CPU.ActiveCfg = Debug|Any CPU
		{11183257-1818-43E1-A27A-BFBE9951E787}.Debug|Any CPU.Build.0 = Debug|Any CPU
		{11183257-1818-43E1-A27A-BFBE9951E787}.Release|Any CPU.ActiveCfg = Release|Any CPU
		{11183257-1818-43E1-A27A-BFBE9951E787}.Release|Any CPU.Build.0 = Release|Any CPU
		{908BF878-766B-4980-86D6-06953278274F}.Debug|Any CPU.ActiveCfg = Debug|Any CPU
		{908BF878-766B-4980-86D6-06953278274F}.Debug|Any CPU.Build.0 = Debug|Any CPU
		{908BF878-766B-4980-86D6-06953278274F}.Release|Any CPU.ActiveCfg = Release|Any CPU
		{908BF878-766B-4980-86D6-06953278274F}.Release|Any CPU.Build.0 = Release|Any CPU
		{6F76F05E-E60D-4FCD-96BA-9E69231F0EEF}.Debug|Any CPU.ActiveCfg = Debug|Any CPU
		{6F76F05E-E60D-4FCD-96BA-9E69231F0EEF}.Debug|Any CPU.Build.0 = Debug|Any CPU
		{6F76F05E-E60D-4FCD-96BA-9E69231F0EEF}.Release|Any CPU.ActiveCfg = Release|Any CPU
		{6F76F05E-E60D-4FCD-96BA-9E69231F0EEF}.Release|Any CPU.Build.0 = Release|Any CPU
		{CC378D4C-AD31-4855-B488-FEAA01F63811}.Debug|Any CPU.ActiveCfg = Debug|Any CPU
		{CC378D4C-AD31-4855-B488-FEAA01F63811}.Debug|Any CPU.Build.0 = Debug|Any CPU
		{CC378D4C-AD31-4855-B488-FEAA01F63811}.Release|Any CPU.ActiveCfg = Release|Any CPU
		{CC378D4C-AD31-4855-B488-FEAA01F63811}.Release|Any CPU.Build.0 = Release|Any CPU
		{9E9CAF8D-3951-4E16-8ECE-AD632335BC07}.Debug|Any CPU.ActiveCfg = Debug|Any CPU
		{9E9CAF8D-3951-4E16-8ECE-AD632335BC07}.Debug|Any CPU.Build.0 = Debug|Any CPU
		{9E9CAF8D-3951-4E16-8ECE-AD632335BC07}.Release|Any CPU.ActiveCfg = Release|Any CPU
		{9E9CAF8D-3951-4E16-8ECE-AD632335BC07}.Release|Any CPU.Build.0 = Release|Any CPU
		{60630BD7-AB58-4891-9070-9157029A73C8}.Debug|Any CPU.ActiveCfg = Debug|Any CPU
		{60630BD7-AB58-4891-9070-9157029A73C8}.Debug|Any CPU.Build.0 = Debug|Any CPU
		{60630BD7-AB58-4891-9070-9157029A73C8}.Release|Any CPU.ActiveCfg = Release|Any CPU
		{60630BD7-AB58-4891-9070-9157029A73C8}.Release|Any CPU.Build.0 = Release|Any CPU
		{31F97563-9577-4574-B116-0F7F0203D98B}.Debug|Any CPU.ActiveCfg = Debug|Any CPU
		{31F97563-9577-4574-B116-0F7F0203D98B}.Debug|Any CPU.Build.0 = Debug|Any CPU
		{31F97563-9577-4574-B116-0F7F0203D98B}.Release|Any CPU.ActiveCfg = Release|Any CPU
		{31F97563-9577-4574-B116-0F7F0203D98B}.Release|Any CPU.Build.0 = Release|Any CPU
		{9658548E-BACD-4BC7-9F11-1BC647C3C6A3}.Debug|Any CPU.ActiveCfg = Debug|Any CPU
		{9658548E-BACD-4BC7-9F11-1BC647C3C6A3}.Debug|Any CPU.Build.0 = Debug|Any CPU
		{9658548E-BACD-4BC7-9F11-1BC647C3C6A3}.Release|Any CPU.ActiveCfg = Release|Any CPU
		{9658548E-BACD-4BC7-9F11-1BC647C3C6A3}.Release|Any CPU.Build.0 = Release|Any CPU
		{A6BAFB71-2D2F-4A16-A600-BEE0FAB5DC3C}.Debug|Any CPU.ActiveCfg = Debug|Any CPU
		{A6BAFB71-2D2F-4A16-A600-BEE0FAB5DC3C}.Debug|Any CPU.Build.0 = Debug|Any CPU
		{A6BAFB71-2D2F-4A16-A600-BEE0FAB5DC3C}.Release|Any CPU.ActiveCfg = Release|Any CPU
		{A6BAFB71-2D2F-4A16-A600-BEE0FAB5DC3C}.Release|Any CPU.Build.0 = Release|Any CPU
		{E55426D1-0C8B-4891-B2DA-884E79E847A8}.Debug|Any CPU.ActiveCfg = Debug|Any CPU
		{E55426D1-0C8B-4891-B2DA-884E79E847A8}.Debug|Any CPU.Build.0 = Debug|Any CPU
		{E55426D1-0C8B-4891-B2DA-884E79E847A8}.Release|Any CPU.ActiveCfg = Release|Any CPU
		{E55426D1-0C8B-4891-B2DA-884E79E847A8}.Release|Any CPU.Build.0 = Release|Any CPU
		{CF7184F1-FDF9-4388-94F0-6BCDBD033521}.Debug|Any CPU.ActiveCfg = Debug|Any CPU
		{CF7184F1-FDF9-4388-94F0-6BCDBD033521}.Debug|Any CPU.Build.0 = Debug|Any CPU
		{CF7184F1-FDF9-4388-94F0-6BCDBD033521}.Release|Any CPU.ActiveCfg = Release|Any CPU
		{CF7184F1-FDF9-4388-94F0-6BCDBD033521}.Release|Any CPU.Build.0 = Release|Any CPU
	EndGlobalSection
	GlobalSection(SolutionProperties) = preSolution
		HideSolutionNode = FALSE
	EndGlobalSection
	GlobalSection(NestedProjects) = preSolution
		{21F3036D-DF8C-4030-8782-78C82A6AC1B5} = {E739ADBB-7FF0-438C-99A2-57441E924D79}
		{2F2B12E9-521C-42E7-B980-BA8EF10C3AF8} = {E739ADBB-7FF0-438C-99A2-57441E924D79}
		{4FEE76CB-0539-4875-8AEC-7660EFB4FD6B} = {2F2B12E9-521C-42E7-B980-BA8EF10C3AF8}
		{13669FA4-F888-442B-AEEC-BA156A8B4044} = {2F2B12E9-521C-42E7-B980-BA8EF10C3AF8}
		{4A7A85A4-9F2E-4448-9076-86241289EC92} = {2F2B12E9-521C-42E7-B980-BA8EF10C3AF8}
		{C21A6E64-4DEE-4B71-B702-9D5906ECBD9C} = {2F2B12E9-521C-42E7-B980-BA8EF10C3AF8}
		{5ED2E4A5-B7C5-46AC-BD7D-BAA57B5C7AC9} = {2F2B12E9-521C-42E7-B980-BA8EF10C3AF8}
		{BE53D1EB-A1B6-4801-AF50-FEB7D8C62BE5} = {13669FA4-F888-442B-AEEC-BA156A8B4044}
		{B6F0AB94-EEE3-4BA8-9EE2-44637DC80990} = {13669FA4-F888-442B-AEEC-BA156A8B4044}
		{985C0CEC-D721-4E44-AC83-8B075DD1CBD1} = {13669FA4-F888-442B-AEEC-BA156A8B4044}
		{22957223-F36E-4B17-B4D1-892A3B56946D} = {13669FA4-F888-442B-AEEC-BA156A8B4044}
		{EC120D4A-ABB3-4B5B-9AB3-05A81B826FEE} = {4FEE76CB-0539-4875-8AEC-7660EFB4FD6B}
		{0A76B952-3CF4-4C6A-A603-08BD2BDC4401} = {4FEE76CB-0539-4875-8AEC-7660EFB4FD6B}
		{11183257-1818-43E1-A27A-BFBE9951E787} = {4FEE76CB-0539-4875-8AEC-7660EFB4FD6B}
		{908BF878-766B-4980-86D6-06953278274F} = {4FEE76CB-0539-4875-8AEC-7660EFB4FD6B}
		{6F76F05E-E60D-4FCD-96BA-9E69231F0EEF} = {C21A6E64-4DEE-4B71-B702-9D5906ECBD9C}
		{CC378D4C-AD31-4855-B488-FEAA01F63811} = {C21A6E64-4DEE-4B71-B702-9D5906ECBD9C}
		{9E9CAF8D-3951-4E16-8ECE-AD632335BC07} = {C21A6E64-4DEE-4B71-B702-9D5906ECBD9C}
		{60630BD7-AB58-4891-9070-9157029A73C8} = {5ED2E4A5-B7C5-46AC-BD7D-BAA57B5C7AC9}
		{31F97563-9577-4574-B116-0F7F0203D98B} = {5ED2E4A5-B7C5-46AC-BD7D-BAA57B5C7AC9}
		{9658548E-BACD-4BC7-9F11-1BC647C3C6A3} = {5ED2E4A5-B7C5-46AC-BD7D-BAA57B5C7AC9}
		{A6BAFB71-2D2F-4A16-A600-BEE0FAB5DC3C} = {5ED2E4A5-B7C5-46AC-BD7D-BAA57B5C7AC9}
		{E55426D1-0C8B-4891-B2DA-884E79E847A8} = {C21A6E64-4DEE-4B71-B702-9D5906ECBD9C}
		{CF7184F1-FDF9-4388-94F0-6BCDBD033521} = {21F3036D-DF8C-4030-8782-78C82A6AC1B5}
	EndGlobalSection
	GlobalSection(ExtensibilityGlobals) = postSolution
		SolutionGuid = {930BB9BC-7551-4C92-AEAF-AA25BEF36923}
	EndGlobalSection
EndGlobal
